
Microsoft Visual Studio Solution File, Format Version 12.00
# Visual Studio Version 17
VisualStudioVersion = 17.6.33723.286
MinimumVisualStudioVersion = 10.0.40219.1
Project("{FAE04EC0-301F-11D3-BF4B-00C04F79EFBC}") = "DotNetWinFormApp", "DotNetWinFormApp\DotNetWinFormApp.csproj", "{78589B2B-C743-4031-AD34-C04971E8EF0E}"
EndProject
Global
	GlobalSection(SolutionConfigurationPlatforms) = preSolution
		Debug|Any CPU = Debug|Any CPU
		Release|Any CPU = Release|Any CPU
	EndGlobalSection
	GlobalSection(ProjectConfigurationPlatforms) = postSolution
		{78589B2B-C743-4031-AD34-C04971E8EF0E}.Debug|Any CPU.ActiveCfg = Debug|Any CPU
		{78589B2B-C743-4031-AD34-C04971E8EF0E}.Debug|Any CPU.Build.0 = Debug|Any CPU
		{78589B2B-C743-4031-AD34-C04971E8EF0E}.Release|Any CPU.ActiveCfg = Release|Any CPU
		{78589B2B-C743-4031-AD34-C04971E8EF0E}.Release|Any CPU.Build.0 = Release|Any CPU
	EndGlobalSection
	GlobalSection(SolutionProperties) = preSolution
		HideSolutionNode = FALSE
	EndGlobalSection
	GlobalSection(ExtensibilityGlobals) = postSolution
		SolutionGuid = {665E203C-AE0E-4D30-BDAC-1FA6EA585349}
	EndGlobalSection
EndGlobal
